
Microsoft Visual Studio Solution File, Format Version 12.00
# Visual Studio 15
VisualStudioVersion = 15.0.28307.705
MinimumVisualStudioVersion = 10.0.40219.1
Project("{8BC9CEB8-8B4A-11D0-8D11-00A0C91BC942}") = "Diem", "OOP\OOP.vcxproj", "{DC00D1EB-85A0-4F79-AED2-B88A28282576}"
EndProject
Project("{8BC9CEB8-8B4A-11D0-8D11-00A0C91BC942}") = "ConNguoi", "ConNguoi\ConNguoi.vcxproj", "{590F0918-4093-40D8-9AE0-CBE3EB25371E}"
EndProject
Project("{8BC9CEB8-8B4A-11D0-8D11-00A0C91BC942}") = "Pointer", "Pointer\Pointer.vcxproj", "{48300F27-D510-4022-8A4E-80DD603F90CE}"
EndProject
Project("{8BC9CEB8-8B4A-11D0-8D11-00A0C91BC942}") = "Bai8DynamicArray", "Bai8DynamicArray\Bai8DynamicArray.vcxproj", "{BDE47378-4EFA-40A6-BADF-0294FDE4D5E5}"
EndProject
Global
	GlobalSection(SolutionConfigurationPlatforms) = preSolution
		Debug|x64 = Debug|x64
		Debug|x86 = Debug|x86
		Release|x64 = Release|x64
		Release|x86 = Release|x86
	EndGlobalSection
	GlobalSection(ProjectConfigurationPlatforms) = postSolution
		{DC00D1EB-85A0-4F79-AED2-B88A28282576}.Debug|x64.ActiveCfg = Debug|x64
		{DC00D1EB-85A0-4F79-AED2-B88A28282576}.Debug|x64.Build.0 = Debug|x64
		{DC00D1EB-85A0-4F79-AED2-B88A28282576}.Debug|x86.ActiveCfg = Debug|Win32
		{DC00D1EB-85A0-4F79-AED2-B88A28282576}.Debug|x86.Build.0 = Debug|Win32
		{DC00D1EB-85A0-4F79-AED2-B88A28282576}.Release|x64.ActiveCfg = Release|x64
		{DC00D1EB-85A0-4F79-AED2-B88A28282576}.Release|x64.Build.0 = Release|x64
		{DC00D1EB-85A0-4F79-AED2-B88A28282576}.Release|x86.ActiveCfg = Release|Win32
		{DC00D1EB-85A0-4F79-AED2-B88A28282576}.Release|x86.Build.0 = Release|Win32
		{590F0918-4093-40D8-9AE0-CBE3EB25371E}.Debug|x64.ActiveCfg = Debug|x64
		{590F0918-4093-40D8-9AE0-CBE3EB25371E}.Debug|x64.Build.0 = Debug|x64
		{590F0918-4093-40D8-9AE0-CBE3EB25371E}.Debug|x86.ActiveCfg = Debug|Win32
		{590F0918-4093-40D8-9AE0-CBE3EB25371E}.Debug|x86.Build.0 = Debug|Win32
		{590F0918-4093-40D8-9AE0-CBE3EB25371E}.Release|x64.ActiveCfg = Release|x64
		{590F0918-4093-40D8-9AE0-CBE3EB25371E}.Release|x64.Build.0 = Release|x64
		{590F0918-4093-40D8-9AE0-CBE3EB25371E}.Release|x86.ActiveCfg = Release|Win32
		{590F0918-4093-40D8-9AE0-CBE3EB25371E}.Release|x86.Build.0 = Release|Win32
		{48300F27-D510-4022-8A4E-80DD603F90CE}.Debug|x64.ActiveCfg = Debug|x64
		{48300F27-D510-4022-8A4E-80DD603F90CE}.Debug|x64.Build.0 = Debug|x64
		{48300F27-D510-4022-8A4E-80DD603F90CE}.Debug|x86.ActiveCfg = Debug|Win32
		{48300F27-D510-4022-8A4E-80DD603F90CE}.Debug|x86.Build.0 = Debug|Win32
		{48300F27-D510-4022-8A4E-80DD603F90CE}.Release|x64.ActiveCfg = Release|x64
		{48300F27-D510-4022-8A4E-80DD603F90CE}.Release|x64.Build.0 = Release|x64
		{48300F27-D510-4022-8A4E-80DD603F90CE}.Release|x86.ActiveCfg = Release|Win32
		{48300F27-D510-4022-8A4E-80DD603F90CE}.Release|x86.Build.0 = Release|Win32
		{BDE47378-4EFA-40A6-BADF-0294FDE4D5E5}.Debug|x64.ActiveCfg = Debug|x64
		{BDE47378-4EFA-40A6-BADF-0294FDE4D5E5}.Debug|x64.Build.0 = Debug|x64
		{BDE47378-4EFA-40A6-BADF-0294FDE4D5E5}.Debug|x86.ActiveCfg = Debug|Win32
		{BDE47378-4EFA-40A6-BADF-0294FDE4D5E5}.Debug|x86.Build.0 = Debug|Win32
		{BDE47378-4EFA-40A6-BADF-0294FDE4D5E5}.Release|x64.ActiveCfg = Release|x64
		{BDE47378-4EFA-40A6-BADF-0294FDE4D5E5}.Release|x64.Build.0 = Release|x64
		{BDE47378-4EFA-40A6-BADF-0294FDE4D5E5}.Release|x86.ActiveCfg = Release|Win32
		{BDE47378-4EFA-40A6-BADF-0294FDE4D5E5}.Release|x86.Build.0 = Release|Win32
	EndGlobalSection
	GlobalSection(SolutionProperties) = preSolution
		HideSolutionNode = FALSE
	EndGlobalSection
	GlobalSection(ExtensibilityGlobals) = postSolution
		SolutionGuid = {A4C76250-8C9B-49FB-B26C-FD6CFF54A85F}
	EndGlobalSection
EndGlobal
